Microsoft Visual Studio Solution File, Format Version 11.00
# Visual Studio 2010
Project("{8BC9CEB8-8B4A-11D0-8D11-00A0C91BC942}") = "ALL_BUILD", "ALL_BUILD.vcxproj", "{C7DEA793-2AE5-4E00-A908-0AF5CE31670F}"
	ProjectSection(ProjectDependencies) = postProject
		{173F10DA-869D-44F4-A19B-0FB0BDED7FAE} = {173F10DA-869D-44F4-A19B-0FB0BDED7FAE}
		{2212E242-D6C4-4B48-834E-5CCF587AFEF2} = {2212E242-D6C4-4B48-834E-5CCF587AFEF2}
		{5DD8FD48-125B-4E55-A8ED-16409A89DFD1} = {5DD8FD48-125B-4E55-A8ED-16409A89DFD1}
		{CAA89252-1F62-4733-A162-34D40F4E5474} = {CAA89252-1F62-4733-A162-34D40F4E5474}
		{DAE466CE-A02F-4D66-85E7-FC2E61B34F5C} = {DAE466CE-A02F-4D66-85E7-FC2E61B34F5C}
		{CEA17E88-5064-449D-B044-968D17721726} = {CEA17E88-5064-449D-B044-968D17721726}
		{D30F3358-3289-4012-942D-079D0FD04BD7} = {D30F3358-3289-4012-942D-079D0FD04BD7}
		{A1E979D8-202C-4CFE-8C2B-8AE6B780F111} = {A1E979D8-202C-4CFE-8C2B-8AE6B780F111}
		{C5BBAF97-3D49-4C8D-9BF5-17FEFAFAB584} = {C5BBAF97-3D49-4C8D-9BF5-17FEFAFAB584}
		{52AA7385-3E15-47F2-A72F-6B9FA8095567} = {52AA7385-3E15-47F2-A72F-6B9FA8095567}
	EndProjectSection
EndProject
Project("{8BC9CEB8-8B4A-11D0-8D11-00A0C91BC942}") = "D3Dinterop", "src\Chapter_11\D3Dinterop\D3Dinterop.vcxproj", "{173F10DA-869D-44F4-A19B-0FB0BDED7FAE}"
	ProjectSection(ProjectDependencies) = postProject
		{D30F3358-3289-4012-942D-079D0FD04BD7} = {D30F3358-3289-4012-942D-079D0FD04BD7}
	EndProjectSection
EndProject
Project("{8BC9CEB8-8B4A-11D0-8D11-00A0C91BC942}") = "HelloBinaryWorld", "src\Chapter_6\HelloBinaryWorld\HelloBinaryWorld.vcxproj", "{2212E242-D6C4-4B48-834E-5CCF587AFEF2}"
	ProjectSection(ProjectDependencies) = postProject
		{D30F3358-3289-4012-942D-079D0FD04BD7} = {D30F3358-3289-4012-942D-079D0FD04BD7}
	EndProjectSection
EndProject
Project("{8BC9CEB8-8B4A-11D0-8D11-00A0C91BC942}") = "HelloWorld", "src\Chapter_2\HelloWorld\HelloWorld.vcxproj", "{5DD8FD48-125B-4E55-A8ED-16409A89DFD1}"
	ProjectSection(ProjectDependencies) = postProject
		{D30F3358-3289-4012-942D-079D0FD04BD7} = {D30F3358-3289-4012-942D-079D0FD04BD7}
	EndProjectSection
EndProject
Project("{8BC9CEB8-8B4A-11D0-8D11-00A0C91BC942}") = "OpenCLConvolutionChap3", "src\Chapter_3\OpenCLConvolution\OpenCLConvolutionChap3.vcxproj", "{CAA89252-1F62-4733-A162-34D40F4E5474}"
	ProjectSection(ProjectDependencies) = postProject
		{D30F3358-3289-4012-942D-079D0FD04BD7} = {D30F3358-3289-4012-942D-079D0FD04BD7}
	EndProjectSection
EndProject
Project("{8BC9CEB8-8B4A-11D0-8D11-00A0C91BC942}") = "OpenCLInfo", "src\Chapter_3\OpenCLInfo\OpenCLInfo.vcxproj", "{DAE466CE-A02F-4D66-85E7-FC2E61B34F5C}"
	ProjectSection(ProjectDependencies) = postProject
		{D30F3358-3289-4012-942D-079D0FD04BD7} = {D30F3358-3289-4012-942D-079D0FD04BD7}
	EndProjectSection
EndProject
Project("{8BC9CEB8-8B4A-11D0-8D11-00A0C91BC942}") = "SimpleBufferSubBuffer", "src\Chapter_7\SimpleBufferSubBuffer\SimpleBufferSubBuffer.vcxproj", "{CEA17E88-5064-449D-B044-968D17721726}"
	ProjectSection(ProjectDependencies) = postProject
		{D30F3358-3289-4012-942D-079D0FD04BD7} = {D30F3358-3289-4012-942D-079D0FD04BD7}
	EndProjectSection
EndProject
Project("{8BC9CEB8-8B4A-11D0-8D11-00A0C91BC942}") = "ZERO_CHECK", "ZERO_CHECK.vcxproj", "{D30F3358-3289-4012-942D-079D0FD04BD7}"
	ProjectSection(ProjectDependencies) = postProject
	EndProjectSection
EndProject
Project("{8BC9CEB8-8B4A-11D0-8D11-00A0C91BC942}") = "histogram", "src\Chapter_14\histogram\histogram.vcxproj", "{A1E979D8-202C-4CFE-8C2B-8AE6B780F111}"
	ProjectSection(ProjectDependencies) = postProject
		{D30F3358-3289-4012-942D-079D0FD04BD7} = {D30F3358-3289-4012-942D-079D0FD04BD7}
	EndProjectSection
EndProject
Project("{8BC9CEB8-8B4A-11D0-8D11-00A0C91BC942}") = "sinewave", "src\Chapter_12\Sinewave\sinewave.vcxproj", "{C5BBAF97-3D49-4C8D-9BF5-17FEFAFAB584}"
	ProjectSection(ProjectDependencies) = postProject
		{D30F3358-3289-4012-942D-079D0FD04BD7} = {D30F3358-3289-4012-942D-079D0FD04BD7}
	EndProjectSection
EndProject
Project("{8BC9CEB8-8B4A-11D0-8D11-00A0C91BC942}") = "vecadd", "src\Chapter_12\VectorAdd\vecadd.vcxproj", "{52AA7385-3E15-47F2-A72F-6B9FA8095567}"
	ProjectSection(ProjectDependencies) = postProject
		{D30F3358-3289-4012-942D-079D0FD04BD7} = {D30F3358-3289-4012-942D-079D0FD04BD7}
	EndProjectSection
EndProject
Global
	GlobalSection(SolutionConfigurationPlatforms) = preSolution
		Debug|Win32 = Debug|Win32
		Release|Win32 = Release|Win32
		MinSizeRel|Win32 = MinSizeRel|Win32
		RelWithDebInfo|Win32 = RelWithDebInfo|Win32
	EndGlobalSection
	GlobalSection(ProjectConfigurationPlatforms) = postSolution
		{C7DEA793-2AE5-4E00-A908-0AF5CE31670F}.Debug|Win32.ActiveCfg = Debug|Win32
		{C7DEA793-2AE5-4E00-A908-0AF5CE31670F}.Release|Win32.ActiveCfg = Release|Win32
		{C7DEA793-2AE5-4E00-A908-0AF5CE31670F}.MinSizeRel|Win32.ActiveCfg = MinSizeRel|Win32
		{C7DEA793-2AE5-4E00-A908-0AF5CE31670F}.RelWithDebInfo|Win32.ActiveCfg = RelWithDebInfo|Win32
		{173F10DA-869D-44F4-A19B-0FB0BDED7FAE}.Debug|Win32.ActiveCfg = Debug|Win32
		{173F10DA-869D-44F4-A19B-0FB0BDED7FAE}.Debug|Win32.Build.0 = Debug|Win32
		{173F10DA-869D-44F4-A19B-0FB0BDED7FAE}.Release|Win32.ActiveCfg = Release|Win32
		{173F10DA-869D-44F4-A19B-0FB0BDED7FAE}.Release|Win32.Build.0 = Release|Win32
		{173F10DA-869D-44F4-A19B-0FB0BDED7FAE}.MinSizeRel|Win32.ActiveCfg = MinSizeRel|Win32
		{173F10DA-869D-44F4-A19B-0FB0BDED7FAE}.MinSizeRel|Win32.Build.0 = MinSizeRel|Win32
		{173F10DA-869D-44F4-A19B-0FB0BDED7FAE}.RelWithDebInfo|Win32.ActiveCfg = RelWithDebInfo|Win32
		{173F10DA-869D-44F4-A19B-0FB0BDED7FAE}.RelWithDebInfo|Win32.Build.0 = RelWithDebInfo|Win32
		{2212E242-D6C4-4B48-834E-5CCF587AFEF2}.Debug|Win32.ActiveCfg = Debug|Win32
		{2212E242-D6C4-4B48-834E-5CCF587AFEF2}.Debug|Win32.Build.0 = Debug|Win32
		{2212E242-D6C4-4B48-834E-5CCF587AFEF2}.Release|Win32.ActiveCfg = Release|Win32
		{2212E242-D6C4-4B48-834E-5CCF587AFEF2}.Release|Win32.Build.0 = Release|Win32
		{2212E242-D6C4-4B48-834E-5CCF587AFEF2}.MinSizeRel|Win32.ActiveCfg = MinSizeRel|Win32
		{2212E242-D6C4-4B48-834E-5CCF587AFEF2}.MinSizeRel|Win32.Build.0 = MinSizeRel|Win32
		{2212E242-D6C4-4B48-834E-5CCF587AFEF2}.RelWithDebInfo|Win32.ActiveCfg = RelWithDebInfo|Win32
		{2212E242-D6C4-4B48-834E-5CCF587AFEF2}.RelWithDebInfo|Win32.Build.0 = RelWithDebInfo|Win32
		{5DD8FD48-125B-4E55-A8ED-16409A89DFD1}.Debug|Win32.ActiveCfg = Debug|Win32
		{5DD8FD48-125B-4E55-A8ED-16409A89DFD1}.Debug|Win32.Build.0 = Debug|Win32
		{5DD8FD48-125B-4E55-A8ED-16409A89DFD1}.Release|Win32.ActiveCfg = Release|Win32
		{5DD8FD48-125B-4E55-A8ED-16409A89DFD1}.Release|Win32.Build.0 = Release|Win32
		{5DD8FD48-125B-4E55-A8ED-16409A89DFD1}.MinSizeRel|Win32.ActiveCfg = MinSizeRel|Win32
		{5DD8FD48-125B-4E55-A8ED-16409A89DFD1}.MinSizeRel|Win32.Build.0 = MinSizeRel|Win32
		{5DD8FD48-125B-4E55-A8ED-16409A89DFD1}.RelWithDebInfo|Win32.ActiveCfg = RelWithDebInfo|Win32
		{5DD8FD48-125B-4E55-A8ED-16409A89DFD1}.RelWithDebInfo|Win32.Build.0 = RelWithDebInfo|Win32
		{CAA89252-1F62-4733-A162-34D40F4E5474}.Debug|Win32.ActiveCfg = Debug|Win32
		{CAA89252-1F62-4733-A162-34D40F4E5474}.Debug|Win32.Build.0 = Debug|Win32
		{CAA89252-1F62-4733-A162-34D40F4E5474}.Release|Win32.ActiveCfg = Release|Win32
		{CAA89252-1F62-4733-A162-34D40F4E5474}.Release|Win32.Build.0 = Release|Win32
		{CAA89252-1F62-4733-A162-34D40F4E5474}.MinSizeRel|Win32.ActiveCfg = MinSizeRel|Win32
		{CAA89252-1F62-4733-A162-34D40F4E5474}.MinSizeRel|Win32.Build.0 = MinSizeRel|Win32
		{CAA89252-1F62-4733-A162-34D40F4E5474}.RelWithDebInfo|Win32.ActiveCfg = RelWithDebInfo|Win32
		{CAA89252-1F62-4733-A162-34D40F4E5474}.RelWithDebInfo|Win32.Build.0 = RelWithDebInfo|Win32
		{DAE466CE-A02F-4D66-85E7-FC2E61B34F5C}.Debug|Win32.ActiveCfg = Debug|Win32
		{DAE466CE-A02F-4D66-85E7-FC2E61B34F5C}.Debug|Win32.Build.0 = Debug|Win32
		{DAE466CE-A02F-4D66-85E7-FC2E61B34F5C}.Release|Win32.ActiveCfg = Release|Win32
		{DAE466CE-A02F-4D66-85E7-FC2E61B34F5C}.Release|Win32.Build.0 = Release|Win32
		{DAE466CE-A02F-4D66-85E7-FC2E61B34F5C}.MinSizeRel|Win32.ActiveCfg = MinSizeRel|Win32
		{DAE466CE-A02F-4D66-85E7-FC2E61B34F5C}.MinSizeRel|Win32.Build.0 = MinSizeRel|Win32
		{DAE466CE-A02F-4D66-85E7-FC2E61B34F5C}.RelWithDebInfo|Win32.ActiveCfg = RelWithDebInfo|Win32
		{DAE466CE-A02F-4D66-85E7-FC2E61B34F5C}.RelWithDebInfo|Win32.Build.0 = RelWithDebInfo|Win32
		{CEA17E88-5064-449D-B044-968D17721726}.Debug|Win32.ActiveCfg = Debug|Win32
		{CEA17E88-5064-449D-B044-968D17721726}.Debug|Win32.Build.0 = Debug|Win32
		{CEA17E88-5064-449D-B044-968D17721726}.Release|Win32.ActiveCfg = Release|Win32
		{CEA17E88-5064-449D-B044-968D17721726}.Release|Win32.Build.0 = Release|Win32
		{CEA17E88-5064-449D-B044-968D17721726}.MinSizeRel|Win32.ActiveCfg = MinSizeRel|Win32
		{CEA17E88-5064-449D-B044-968D17721726}.MinSizeRel|Win32.Build.0 = MinSizeRel|Win32
		{CEA17E88-5064-449D-B044-968D17721726}.RelWithDebInfo|Win32.ActiveCfg = RelWithDebInfo|Win32
		{CEA17E88-5064-449D-B044-968D17721726}.RelWithDebInfo|Win32.Build.0 = RelWithDebInfo|Win32
		{D30F3358-3289-4012-942D-079D0FD04BD7}.Debug|Win32.ActiveCfg = Debug|Win32
		{D30F3358-3289-4012-942D-079D0FD04BD7}.Debug|Win32.Build.0 = Debug|Win32
		{D30F3358-3289-4012-942D-079D0FD04BD7}.Release|Win32.ActiveCfg = Release|Win32
		{D30F3358-3289-4012-942D-079D0FD04BD7}.Release|Win32.Build.0 = Release|Win32
		{D30F3358-3289-4012-942D-079D0FD04BD7}.MinSizeRel|Win32.ActiveCfg = MinSizeRel|Win32
		{D30F3358-3289-4012-942D-079D0FD04BD7}.MinSizeRel|Win32.Build.0 = MinSizeRel|Win32
		{D30F3358-3289-4012-942D-079D0FD04BD7}.RelWithDebInfo|Win32.ActiveCfg = RelWithDebInfo|Win32
		{D30F3358-3289-4012-942D-079D0FD04BD7}.RelWithDebInfo|Win32.Build.0 = RelWithDebInfo|Win32
		{A1E979D8-202C-4CFE-8C2B-8AE6B780F111}.Debug|Win32.ActiveCfg = Debug|Win32
		{A1E979D8-202C-4CFE-8C2B-8AE6B780F111}.Debug|Win32.Build.0 = Debug|Win32
		{A1E979D8-202C-4CFE-8C2B-8AE6B780F111}.Release|Win32.ActiveCfg = Release|Win32
		{A1E979D8-202C-4CFE-8C2B-8AE6B780F111}.Release|Win32.Build.0 = Release|Win32
		{A1E979D8-202C-4CFE-8C2B-8AE6B780F111}.MinSizeRel|Win32.ActiveCfg = MinSizeRel|Win32
		{A1E979D8-202C-4CFE-8C2B-8AE6B780F111}.MinSizeRel|Win32.Build.0 = MinSizeRel|Win32
		{A1E979D8-202C-4CFE-8C2B-8AE6B780F111}.RelWithDebInfo|Win32.ActiveCfg = RelWithDebInfo|Win32
		{A1E979D8-202C-4CFE-8C2B-8AE6B780F111}.RelWithDebInfo|Win32.Build.0 = RelWithDebInfo|Win32
		{C5BBAF97-3D49-4C8D-9BF5-17FEFAFAB584}.Debug|Win32.ActiveCfg = Debug|Win32
		{C5BBAF97-3D49-4C8D-9BF5-17FEFAFAB584}.Debug|Win32.Build.0 = Debug|Win32
		{C5BBAF97-3D49-4C8D-9BF5-17FEFAFAB584}.Release|Win32.ActiveCfg = Release|Win32
		{C5BBAF97-3D49-4C8D-9BF5-17FEFAFAB584}.Release|Win32.Build.0 = Release|Win32
		{C5BBAF97-3D49-4C8D-9BF5-17FEFAFAB584}.MinSizeRel|Win32.ActiveCfg = MinSizeRel|Win32
		{C5BBAF97-3D49-4C8D-9BF5-17FEFAFAB584}.MinSizeRel|Win32.Build.0 = MinSizeRel|Win32
		{C5BBAF97-3D49-4C8D-9BF5-17FEFAFAB584}.RelWithDebInfo|Win32.ActiveCfg = RelWithDebInfo|Win32
		{C5BBAF97-3D49-4C8D-9BF5-17FEFAFAB584}.RelWithDebInfo|Win32.Build.0 = RelWithDebInfo|Win32
		{52AA7385-3E15-47F2-A72F-6B9FA8095567}.Debug|Win32.ActiveCfg = Debug|Win32
		{52AA7385-3E15-47F2-A72F-6B9FA8095567}.Debug|Win32.Build.0 = Debug|Win32
		{52AA7385-3E15-47F2-A72F-6B9FA8095567}.Release|Win32.ActiveCfg = Release|Win32
		{52AA7385-3E15-47F2-A72F-6B9FA8095567}.Release|Win32.Build.0 = Release|Win32
		{52AA7385-3E15-47F2-A72F-6B9FA8095567}.MinSizeRel|Win32.ActiveCfg = MinSizeRel|Win32
		{52AA7385-3E15-47F2-A72F-6B9FA8095567}.MinSizeRel|Win32.Build.0 = MinSizeRel|Win32
		{52AA7385-3E15-47F2-A72F-6B9FA8095567}.RelWithDebInfo|Win32.ActiveCfg = RelWithDebInfo|Win32
		{52AA7385-3E15-47F2-A72F-6B9FA8095567}.RelWithDebInfo|Win32.Build.0 = RelWithDebInfo|Win32
	EndGlobalSection
	GlobalSection(ExtensibilityGlobals) = postSolution
	EndGlobalSection
	GlobalSection(ExtensibilityAddIns) = postSolution
	EndGlobalSection
EndGlobal
