<?xml version="1.0" encoding="utf-8"?>
<Project ToolsVersion="4.0" xmlns="http://schemas.microsoft.com/developer/msbuild/2003">
  <ItemGroup>
    <ClCompile Include="..\..\..\..\src\Chapter_6\HelloBinaryWorld\HelloBinaryWorld.cpp">
      <Filter>Source Files</Filter>
    </ClCompile>
  </ItemGroup>
  <ItemGroup>
    <CustomBuild Include="..\..\..\..\src\Chapter_6\HelloBinaryWorld\CMakeLists.txt" />
  </ItemGroup>
  <ItemGroup>
    <Filter Include="Source Files">
      <UniqueIdentifier>{CDCAC0C1-CEC2-42C8-AB90-289FE48F372F}</UniqueIdentifier>
    </Filter>
  </ItemGroup>
</Project>
